PODS:
  - FLAnimatedImage (1.0.12)
  - StrangePhotoBrowse (0.1.0):
    - FLAnimatedImage (~> 1.0)

DEPENDENCIES:
  - StrangePhotoBrowse (from `../`)

SPEC REPOS:
  https://github.com/cocoapods/specs.git:
    - FLAnimatedImage

EXTERNAL SOURCES:
  StrangePhotoBrowse:
    :path: "../"

SPEC CHECKSUMS:
  FLAnimatedImage: 4a0b56255d9b05f18b6dd7ee06871be5d3b89e31
  StrangePhotoBrowse: 6822188d27b5d68a677d97e3bab430852156912c

PODFILE CHECKSUM: d8a2e5bfe460437711b42d2f0c701d6616ac660b

COCOAPODS: 1.5.3
