PODS:
  - StrangePhotoBrowse (0.1.0)

DEPENDENCIES:
  - StrangePhotoBrowse (from `../`)

EXTERNAL SOURCES:
  StrangePhotoBrowse:
    :path: "../"

SPEC CHECKSUMS:
  StrangePhotoBrowse: 63abe78c3f4753c1da309cd9e456024db04ef512

PODFILE CHECKSUM: d8a2e5bfe460437711b42d2f0c701d6616ac660b

COCOAPODS: 1.5.0
